{
  "requires": true,
  "lockfileVersion": 1,
  "dependencies": {
    "eventemitter3": {
      "version": "4.0.7",
      "resolved": "https://registry.npmjs.org/eventemitter3/-/eventemitter3-4.0.7.tgz",
      "integrity": "sha512-8guHBZCwKnFhYdHr2ysuRWErTwhoN2X8XELRlrRwpmfeY2jjuUN4taQMsULKUVo1K4DvZl+0pgfyoysHxvmvEw=="
    },
    "hls.js": {
      "version": "0.14.17",
      "resolved": "https://registry.npmjs.org/hls.js/-/hls.js-0.14.17.tgz",
      "integrity": "sha512-25A7+m6qqp6UVkuzUQ//VVh2EEOPYlOBg32ypr34bcPO7liBMOkKFvbjbCBfiPAOTA/7BSx1Dujft3Th57WyFg==",
      "requires": {
        "eventemitter3": "^4.0.3",
        "url-toolkit": "^2.1.6"
      }
    },
    "react-hls-player": {
      "version": "3.0.7",
      "resolved": "https://registry.npmjs.org/react-hls-player/-/react-hls-player-3.0.7.tgz",
      "integrity": "sha512-i5QWNyLmaUhV/mgnpljRJT0CBfJnylClV/bne8aiXO3ZqU0+D3U/jtTDwdXM4i5qHhyFy9lemyZ179IgadKd0Q==",
      "requires": {
        "hls.js": "^0.14.17"
      }
    },
    "url-toolkit": {
      "version": "2.2.5",
      "resolved": "https://registry.npmjs.org/url-toolkit/-/url-toolkit-2.2.5.tgz",
      "integrity": "sha512-mtN6xk+Nac+oyJ/PrI7tzfmomRVNFIWKUbG8jdYFt52hxbiReFAXIjYskvu64/dvuW71IcB7lV8l0HvZMac6Jg=="
    }
  }
}
